
Microsoft Visual Studio Solution File, Format Version 12.00
# Visual Studio 15
VisualStudioVersion = 15.0.26730.3
MinimumVisualStudioVersion = 10.0.40219.1
Project("{2150E333-8FDC-42A3-9474-1A3956D46DE8}") = "src", "src", "{BEE82E9C-181C-443E-A9CC-26D2D432FD56}"
EndProject
Project("{2150E333-8FDC-42A3-9474-1A3956D46DE8}") = "Solution Items", "Solution Items", "{3A16475B-0D8E-4316-86D5-F7D37EEE802D}"
EndProject
Project("{2150E333-8FDC-42A3-9474-1A3956D46DE8}") = "test", "test", "{6E28F0DF-400F-4A78-8DD0-B8D843F96010}"
EndProject
Project("{9A19103F-16F7-4668-BE54-9A1E7A4F7556}") = "Novell.Directory.Ldap.NETStandard", "src\Novell.Directory.Ldap.NETStandard\Novell.Directory.Ldap.NETStandard.csproj", "{87646BB4-7F55-49EF-9FE7-49AEE6378453}"
EndProject
Project("{FAE04EC0-301F-11D3-BF4B-00C04F79EFBC}") = "Novell.Directory.Ldap.NETStandard.FunctionalTests", "test\Novell.Directory.Ldap.NETStandard.FunctionalTests\Novell.Directory.Ldap.NETStandard.FunctionalTests.csproj", "{C8E859F8-CE0F-4A4D-9A08-04F060881777}"
EndProject
Project("{FAE04EC0-301F-11D3-BF4B-00C04F79EFBC}") = "Novell.Directory.Ldap.NETStandard.StressTests", "test\Novell.Directory.Ldap.NETStandard.StressTests\Novell.Directory.Ldap.NETStandard.StressTests.csproj", "{B2C8EB01-490A-4AAB-858C-98A3FE7DDB0A}"
EndProject
Global
	GlobalSection(SolutionConfigurationPlatforms) = preSolution
		Debug|Any CPU = Debug|Any CPU
		Release|Any CPU = Release|Any CPU
	EndGlobalSection
	GlobalSection(ProjectConfigurationPlatforms) = postSolution
		{87646BB4-7F55-49EF-9FE7-49AEE6378453}.Debug|Any CPU.ActiveCfg = Debug|Any CPU
		{87646BB4-7F55-49EF-9FE7-49AEE6378453}.Debug|Any CPU.Build.0 = Debug|Any CPU
		{87646BB4-7F55-49EF-9FE7-49AEE6378453}.Release|Any CPU.ActiveCfg = Release|Any CPU
		{87646BB4-7F55-49EF-9FE7-49AEE6378453}.Release|Any CPU.Build.0 = Release|Any CPU
		{C8E859F8-CE0F-4A4D-9A08-04F060881777}.Debug|Any CPU.ActiveCfg = Debug|Any CPU
		{C8E859F8-CE0F-4A4D-9A08-04F060881777}.Debug|Any CPU.Build.0 = Debug|Any CPU
		{C8E859F8-CE0F-4A4D-9A08-04F060881777}.Release|Any CPU.ActiveCfg = Release|Any CPU
		{C8E859F8-CE0F-4A4D-9A08-04F060881777}.Release|Any CPU.Build.0 = Release|Any CPU
		{B2C8EB01-490A-4AAB-858C-98A3FE7DDB0A}.Debug|Any CPU.ActiveCfg = Debug|Any CPU
		{B2C8EB01-490A-4AAB-858C-98A3FE7DDB0A}.Debug|Any CPU.Build.0 = Debug|Any CPU
		{B2C8EB01-490A-4AAB-858C-98A3FE7DDB0A}.Release|Any CPU.ActiveCfg = Release|Any CPU
		{B2C8EB01-490A-4AAB-858C-98A3FE7DDB0A}.Release|Any CPU.Build.0 = Release|Any CPU
	EndGlobalSection
	GlobalSection(SolutionProperties) = preSolution
		HideSolutionNode = FALSE
	EndGlobalSection
	GlobalSection(NestedProjects) = preSolution
		{87646BB4-7F55-49EF-9FE7-49AEE6378453} = {BEE82E9C-181C-443E-A9CC-26D2D432FD56}
		{C8E859F8-CE0F-4A4D-9A08-04F060881777} = {6E28F0DF-400F-4A78-8DD0-B8D843F96010}
		{B2C8EB01-490A-4AAB-858C-98A3FE7DDB0A} = {6E28F0DF-400F-4A78-8DD0-B8D843F96010}
	EndGlobalSection
	GlobalSection(ExtensibilityGlobals) = postSolution
		SolutionGuid = {8D3747AD-7FE8-441C-B8E3-29F81C3D34A0}
	EndGlobalSection
EndGlobal
